
Microsoft Visual Studio Solution File, Format Version 12.00
# Visual Studio Version 17
VisualStudioVersion = 17.13.35919.96
MinimumVisualStudioVersion = 10.0.40219.1
Project("{FAE04EC0-301F-11D3-BF4B-00C04F79EFBC}") = "UniversalDashboard", "UniversalDashboard.csproj", "{A2072D4E-0856-4E8E-BDE6-A6ACE1113293}"
EndProject
Global
	GlobalSection(SolutionConfigurationPlatforms) = preSolution
		Debug|Any CPU = Debug|Any CPU
		Release|Any CPU = Release|Any CPU
	EndGlobalSection
	GlobalSection(ProjectConfigurationPlatforms) = postSolution
		{A2072D4E-0856-4E8E-BDE6-A6ACE1113293}.Debug|Any CPU.ActiveCfg = Debug|Any CPU
		{A2072D4E-0856-4E8E-BDE6-A6ACE1113293}.Debug|Any CPU.Build.0 = Debug|Any CPU
		{A2072D4E-0856-4E8E-BDE6-A6ACE1113293}.Release|Any CPU.ActiveCfg = Release|Any CPU
		{A2072D4E-0856-4E8E-BDE6-A6ACE1113293}.Release|Any CPU.Build.0 = Release|Any CPU
	EndGlobalSection
	GlobalSection(SolutionProperties) = preSolution
		HideSolutionNode = FALSE
	EndGlobalSection
	GlobalSection(ExtensibilityGlobals) = postSolution
		SolutionGuid = {4630388C-5727-4E63-91F2-AFD728A08CC5}
	EndGlobalSection
EndGlobal
